
Microsoft Visual Studio Solution File, Format Version 12.00
# Visual Studio Version 17
VisualStudioVersion = 17.11.35219.272
MinimumVisualStudioVersion = 10.0.40219.1
Project("{FAE04EC0-301F-11D3-BF4B-00C04F79EFBC}") = "activityy1", "activityy1\activityy1.csproj", "{FFF6D46B-3979-405D-AED3-42C890C4AE5F}"
EndProject
Global
	GlobalSection(SolutionConfigurationPlatforms) = preSolution
		Debug|Any CPU = Debug|Any CPU
		Release|Any CPU = Release|Any CPU
	EndGlobalSection
	GlobalSection(ProjectConfigurationPlatforms) = postSolution
		{FFF6D46B-3979-405D-AED3-42C890C4AE5F}.Debug|Any CPU.ActiveCfg = Debug|Any CPU
		{FFF6D46B-3979-405D-AED3-42C890C4AE5F}.Debug|Any CPU.Build.0 = Debug|Any CPU
		{FFF6D46B-3979-405D-AED3-42C890C4AE5F}.Release|Any CPU.ActiveCfg = Release|Any CPU
		{FFF6D46B-3979-405D-AED3-42C890C4AE5F}.Release|Any CPU.Build.0 = Release|Any CPU
	EndGlobalSection
	GlobalSection(SolutionProperties) = preSolution
		HideSolutionNode = FALSE
	EndGlobalSection
	GlobalSection(ExtensibilityGlobals) = postSolution
		SolutionGuid = {CD6E0C5D-7AB1-4F8C-B742-A089E66BA487}
	EndGlobalSection
EndGlobal
